PODS:
  - SnapKit (5.0.1)
  - ViewHierarchyDebug (0.1.0):
    - SnapKit (~> 5.0.0)

DEPENDENCIES:
  - SnapKit (~> 5.0.0)
  - ViewHierarchyDebug (from `./`)

SPEC REPOS:
  trunk:
    - SnapKit

EXTERNAL SOURCES:
  ViewHierarchyDebug:
    :path: "./"

SPEC CHECKSUMS:
  SnapKit: 97b92857e3df3a0c71833cce143274bf6ef8e5eb
  ViewHierarchyDebug: 9b664bd1e6df0d148d07ad3f4f00687e3ff30f1c

PODFILE CHECKSUM: 4082cd3015902c7e78e912af62710ef535d06f29

COCOAPODS: 1.16.2
